
Microsoft Visual Studio Solution File, Format Version 12.00
# Visual Studio Version 16
VisualStudioVersion = 16.0.32802.440
MinimumVisualStudioVersion = 10.0.40219.1
Project("{8BC9CEB8-8B4A-11D0-8D11-00A0C91BC942}") = "CGIH_prueba1", "CGIH_prueba1\CGIH_prueba1.vcxproj", "{A0D3F9AB-59AA-44A9-AB63-417C138A5D91}"
EndProject
Global
	GlobalSection(SolutionConfigurationPlatforms) = preSolution
		Debug|x64 = Debug|x64
		Debug|x86 = Debug|x86
		Release|x64 = Release|x64
		Release|x86 = Release|x86
	EndGlobalSection
	GlobalSection(ProjectConfigurationPlatforms) = postSolution
		{A0D3F9AB-59AA-44A9-AB63-417C138A5D91}.Debug|x64.ActiveCfg = Debug|x64
		{A0D3F9AB-59AA-44A9-AB63-417C138A5D91}.Debug|x64.Build.0 = Debug|x64
		{A0D3F9AB-59AA-44A9-AB63-417C138A5D91}.Debug|x86.ActiveCfg = Debug|Win32
		{A0D3F9AB-59AA-44A9-AB63-417C138A5D91}.Debug|x86.Build.0 = Debug|Win32
		{A0D3F9AB-59AA-44A9-AB63-417C138A5D91}.Release|x64.ActiveCfg = Release|x64
		{A0D3F9AB-59AA-44A9-AB63-417C138A5D91}.Release|x64.Build.0 = Release|x64
		{A0D3F9AB-59AA-44A9-AB63-417C138A5D91}.Release|x86.ActiveCfg = Release|Win32
		{A0D3F9AB-59AA-44A9-AB63-417C138A5D91}.Release|x86.Build.0 = Release|Win32
	EndGlobalSection
	GlobalSection(SolutionProperties) = preSolution
		HideSolutionNode = FALSE
	EndGlobalSection
	GlobalSection(ExtensibilityGlobals) = postSolution
		SolutionGuid = {088965B4-7962-4510-BA6E-B89FF760675E}
	EndGlobalSection
EndGlobal
